
Microsoft Visual Studio Solution File, Format Version 12.00
Project("{FAE04EC0-301F-11D3-BF4B-00C04F79EFBC}") = "WebApp", "WebApp\WebApp.csproj", "{E5849DBE-E032-443F-95F6-97ACB24888FF}"
EndProject
Project("{FAE04EC0-301F-11D3-BF4B-00C04F79EFBC}") = "App.Domain", "App.Domain\App.Domain.csproj", "{4C04D51E-C6B1-4192-813F-0D5616BF72FC}"
EndProject
Project("{FAE04EC0-301F-11D3-BF4B-00C04F79EFBC}") = "App.Dal.EF", "App.Dal.EF\App.Dal.EF.csproj", "{FC0D915E-5913-4D1F-9D1B-055A3C2B8280}"
EndProject
Project("{FAE04EC0-301F-11D3-BF4B-00C04F79EFBC}") = "App.Contracts.DAL", "App.Contracts.DAL\App.Contracts.DAL.csproj", "{12F9481B-007F-4F83-9BD9-E62DAC0B2449}"
EndProject
Project("{FAE04EC0-301F-11D3-BF4B-00C04F79EFBC}") = "App.Dal.DTO", "App.Dal.DTO\App.Dal.DTO.csproj", "{3BF622F3-BE77-4A7E-8E7E-941684A86B66}"
EndProject
Project("{FAE04EC0-301F-11D3-BF4B-00C04F79EFBC}") = "App.BLL.DTO", "App.BLL.DTO\App.BLL.DTO.csproj", "{3CE445E9-8015-47A6-A9F6-AC583CA400E3}"
EndProject
Project("{FAE04EC0-301F-11D3-BF4B-00C04F79EFBC}") = "App.Contracts.BLL", "App.Contracts.BLL\App.Contracts.BLL.csproj", "{62394C15-5CD5-49D9-A8EA-C89CD0BBB203}"
EndProject
Global
	GlobalSection(SolutionConfigurationPlatforms) = preSolution
		Debug|Any CPU = Debug|Any CPU
		Release|Any CPU = Release|Any CPU
	EndGlobalSection
	GlobalSection(ProjectConfigurationPlatforms) = postSolution
		{E5849DBE-E032-443F-95F6-97ACB24888FF}.Debug|Any CPU.ActiveCfg = Debug|Any CPU
		{E5849DBE-E032-443F-95F6-97ACB24888FF}.Debug|Any CPU.Build.0 = Debug|Any CPU
		{E5849DBE-E032-443F-95F6-97ACB24888FF}.Release|Any CPU.ActiveCfg = Release|Any CPU
		{E5849DBE-E032-443F-95F6-97ACB24888FF}.Release|Any CPU.Build.0 = Release|Any CPU
		{4C04D51E-C6B1-4192-813F-0D5616BF72FC}.Debug|Any CPU.ActiveCfg = Debug|Any CPU
		{4C04D51E-C6B1-4192-813F-0D5616BF72FC}.Debug|Any CPU.Build.0 = Debug|Any CPU
		{4C04D51E-C6B1-4192-813F-0D5616BF72FC}.Release|Any CPU.ActiveCfg = Release|Any CPU
		{4C04D51E-C6B1-4192-813F-0D5616BF72FC}.Release|Any CPU.Build.0 = Release|Any CPU
		{FC0D915E-5913-4D1F-9D1B-055A3C2B8280}.Debug|Any CPU.ActiveCfg = Debug|Any CPU
		{FC0D915E-5913-4D1F-9D1B-055A3C2B8280}.Debug|Any CPU.Build.0 = Debug|Any CPU
		{FC0D915E-5913-4D1F-9D1B-055A3C2B8280}.Release|Any CPU.ActiveCfg = Release|Any CPU
		{FC0D915E-5913-4D1F-9D1B-055A3C2B8280}.Release|Any CPU.Build.0 = Release|Any CPU
		{12F9481B-007F-4F83-9BD9-E62DAC0B2449}.Debug|Any CPU.ActiveCfg = Debug|Any CPU
		{12F9481B-007F-4F83-9BD9-E62DAC0B2449}.Debug|Any CPU.Build.0 = Debug|Any CPU
		{12F9481B-007F-4F83-9BD9-E62DAC0B2449}.Release|Any CPU.ActiveCfg = Release|Any CPU
		{12F9481B-007F-4F83-9BD9-E62DAC0B2449}.Release|Any CPU.Build.0 = Release|Any CPU
		{3BF622F3-BE77-4A7E-8E7E-941684A86B66}.Debug|Any CPU.ActiveCfg = Debug|Any CPU
		{3BF622F3-BE77-4A7E-8E7E-941684A86B66}.Debug|Any CPU.Build.0 = Debug|Any CPU
		{3BF622F3-BE77-4A7E-8E7E-941684A86B66}.Release|Any CPU.ActiveCfg = Release|Any CPU
		{3BF622F3-BE77-4A7E-8E7E-941684A86B66}.Release|Any CPU.Build.0 = Release|Any CPU
		{3CE445E9-8015-47A6-A9F6-AC583CA400E3}.Debug|Any CPU.ActiveCfg = Debug|Any CPU
		{3CE445E9-8015-47A6-A9F6-AC583CA400E3}.Debug|Any CPU.Build.0 = Debug|Any CPU
		{3CE445E9-8015-47A6-A9F6-AC583CA400E3}.Release|Any CPU.ActiveCfg = Release|Any CPU
		{3CE445E9-8015-47A6-A9F6-AC583CA400E3}.Release|Any CPU.Build.0 = Release|Any CPU
		{62394C15-5CD5-49D9-A8EA-C89CD0BBB203}.Debug|Any CPU.ActiveCfg = Debug|Any CPU
		{62394C15-5CD5-49D9-A8EA-C89CD0BBB203}.Debug|Any CPU.Build.0 = Debug|Any CPU
		{62394C15-5CD5-49D9-A8EA-C89CD0BBB203}.Release|Any CPU.ActiveCfg = Release|Any CPU
		{62394C15-5CD5-49D9-A8EA-C89CD0BBB203}.Release|Any CPU.Build.0 = Release|Any CPU
	EndGlobalSection
EndGlobal
